
Microsoft Visual Studio Solution File, Format Version 12.00
# Visual Studio Version 16
VisualStudioVersion = 16.0.31729.503
MinimumVisualStudioVersion = 10.0.40219.1
Project("{FAE04EC0-301F-11D3-BF4B-00C04F79EFBC}") = "GitTest", "GitTest\GitTest.csproj", "{B9A20214-BF11-4D24-888A-D3511CA4C758}"
EndProject
Global
	GlobalSection(SolutionConfigurationPlatforms) = preSolution
		Debug|Any CPU = Debug|Any CPU
		Release|Any CPU = Release|Any CPU
	EndGlobalSection
	GlobalSection(ProjectConfigurationPlatforms) = postSolution
		{B9A20214-BF11-4D24-888A-D3511CA4C758}.Debug|Any CPU.ActiveCfg = Debug|Any CPU
		{B9A20214-BF11-4D24-888A-D3511CA4C758}.Debug|Any CPU.Build.0 = Debug|Any CPU
		{B9A20214-BF11-4D24-888A-D3511CA4C758}.Release|Any CPU.ActiveCfg = Release|Any CPU
		{B9A20214-BF11-4D24-888A-D3511CA4C758}.Release|Any CPU.Build.0 = Release|Any CPU
	EndGlobalSection
	GlobalSection(SolutionProperties) = preSolution
		HideSolutionNode = FALSE
	EndGlobalSection
	GlobalSection(ExtensibilityGlobals) = postSolution
		SolutionGuid = {C27EE1C0-D2E6-4F72-93CE-85B71902601B}
	EndGlobalSection
EndGlobal
